github.com/milkbobo/gopay v0.0.0-20190827061259-b850bcfc0c4d h1:fJzHPfnyT1YnQip0U7SNuLh3ZlcCJvur0nuOHuWIEDM=
github.com/milkbobo/gopay v0.0.0-20190827061259-b850bcfc0c4d/go.mod h1:B8nKvy4hrD3eC0AGQXvB6aI3koKKZYl7hc5uADyTQ5Q=
github.com/shopspring/decimal v1.2.0/go.mod h1:DKyhrW/HYNuLGql+MJL6WCR6knT2jwCFRcu2hWCYk4o=
